{
  "version": "v1",
  "packages": {
    "shared": {
      "signature": "94b263f591221c208bcb439521f7c94b",
      "pure": true
    },
    "protocol": {
      "signature": "92860fc3e8dfe5a10770b75a41fe45c6",
      "pure": true
    },
    "replay-next": {
      "signature": "875d99672b43169db49451d92734c0da",
      "pure": true
    }
  }
}